
Microsoft Visual Studio Solution File, Format Version 12.00
# Visual Studio Version 17
VisualStudioVersion = 17.9.34407.89
MinimumVisualStudioVersion = 10.0.40219.1
Project("{FAE04EC0-301F-11D3-BF4B-00C04F79EFBC}") = "UsPresidentialElection", "UsPresidentialElection\UsPresidentialElection.csproj", "{DAC210C7-F112-4CB3-9B9F-071ECD9CCD5A}"
EndProject
Global
	GlobalSection(SolutionConfigurationPlatforms) = preSolution
		Debug|Any CPU = Debug|Any CPU
		Release|Any CPU = Release|Any CPU
	EndGlobalSection
	GlobalSection(ProjectConfigurationPlatforms) = postSolution
		{DAC210C7-F112-4CB3-9B9F-071ECD9CCD5A}.Debug|Any CPU.ActiveCfg = Debug|Any CPU
		{DAC210C7-F112-4CB3-9B9F-071ECD9CCD5A}.Debug|Any CPU.Build.0 = Debug|Any CPU
		{DAC210C7-F112-4CB3-9B9F-071ECD9CCD5A}.Release|Any CPU.ActiveCfg = Release|Any CPU
		{DAC210C7-F112-4CB3-9B9F-071ECD9CCD5A}.Release|Any CPU.Build.0 = Release|Any CPU
	EndGlobalSection
	GlobalSection(SolutionProperties) = preSolution
		HideSolutionNode = FALSE
	EndGlobalSection
	GlobalSection(ExtensibilityGlobals) = postSolution
		SolutionGuid = {82E13A33-F162-4619-9CE2-A0C0399D9A49}
	EndGlobalSection
EndGlobal
